
Microsoft Visual Studio Solution File, Format Version 12.00
# Visual Studio Version 17
VisualStudioVersion = 17.5.33424.131
MinimumVisualStudioVersion = 10.0.40219.1
Project("{FAE04EC0-301F-11D3-BF4B-00C04F79EFBC}") = "ExLista", "ExLista.csproj", "{267D9035-12F1-4EB2-BC10-6F3938CFBDD5}"
EndProject
Global
	GlobalSection(SolutionConfigurationPlatforms) = preSolution
		Debug|Any CPU = Debug|Any CPU
		Release|Any CPU = Release|Any CPU
	EndGlobalSection
	GlobalSection(ProjectConfigurationPlatforms) = postSolution
		{267D9035-12F1-4EB2-BC10-6F3938CFBDD5}.Debug|Any CPU.ActiveCfg = Debug|Any CPU
		{267D9035-12F1-4EB2-BC10-6F3938CFBDD5}.Debug|Any CPU.Build.0 = Debug|Any CPU
		{267D9035-12F1-4EB2-BC10-6F3938CFBDD5}.Release|Any CPU.ActiveCfg = Release|Any CPU
		{267D9035-12F1-4EB2-BC10-6F3938CFBDD5}.Release|Any CPU.Build.0 = Release|Any CPU
	EndGlobalSection
	GlobalSection(SolutionProperties) = preSolution
		HideSolutionNode = FALSE
	EndGlobalSection
	GlobalSection(ExtensibilityGlobals) = postSolution
		SolutionGuid = {C74DDCE7-5290-4DB0-AB20-99932CE6AE90}
	EndGlobalSection
EndGlobal
